
Microsoft Visual Studio Solution File, Format Version 12.00
# Visual Studio Version 17
VisualStudioVersion = 17.4.33110.190
MinimumVisualStudioVersion = 10.0.40219.1
Project("{8BC9CEB8-8B4A-11D0-8D11-00A0C91BC942}") = "jaba18v", "jaba18v\jaba18v.vcxproj", "{29AA3A72-F4D8-4243-9B2B-EDEFD2857461}"
EndProject
Global
	GlobalSection(SolutionConfigurationPlatforms) = preSolution
		Debug|x64 = Debug|x64
		Debug|x86 = Debug|x86
		Release|x64 = Release|x64
		Release|x86 = Release|x86
	EndGlobalSection
	GlobalSection(ProjectConfigurationPlatforms) = postSolution
		{29AA3A72-F4D8-4243-9B2B-EDEFD2857461}.Debug|x64.ActiveCfg = Debug|x64
		{29AA3A72-F4D8-4243-9B2B-EDEFD2857461}.Debug|x64.Build.0 = Debug|x64
		{29AA3A72-F4D8-4243-9B2B-EDEFD2857461}.Debug|x86.ActiveCfg = Debug|Win32
		{29AA3A72-F4D8-4243-9B2B-EDEFD2857461}.Debug|x86.Build.0 = Debug|Win32
		{29AA3A72-F4D8-4243-9B2B-EDEFD2857461}.Release|x64.ActiveCfg = Release|x64
		{29AA3A72-F4D8-4243-9B2B-EDEFD2857461}.Release|x64.Build.0 = Release|x64
		{29AA3A72-F4D8-4243-9B2B-EDEFD2857461}.Release|x86.ActiveCfg = Release|Win32
		{29AA3A72-F4D8-4243-9B2B-EDEFD2857461}.Release|x86.Build.0 = Release|Win32
	EndGlobalSection
	GlobalSection(SolutionProperties) = preSolution
		HideSolutionNode = FALSE
	EndGlobalSection
	GlobalSection(ExtensibilityGlobals) = postSolution
		SolutionGuid = {C6CE4807-5C98-445F-8C1A-02D48AE37172}
	EndGlobalSection
EndGlobal
